
Microsoft Visual Studio Solution File, Format Version 12.00
# Visual Studio Version 17
VisualStudioVersion = 17.0.31903.59
MinimumVisualStudioVersion = 10.0.40219.1
Project("{FAE04EC0-301F-11D3-BF4B-00C04F79EFBC}") = "API", "API\API.csproj", "{3E966250-A8A1-4AC9-95DB-78CD2477C21B}"
EndProject
Project("{FAE04EC0-301F-11D3-BF4B-00C04F79EFBC}") = "Application", "Application\Application.csproj", "{A9EBE140-05F8-460D-909B-D970CD7906C4}"
EndProject
Project("{FAE04EC0-301F-11D3-BF4B-00C04F79EFBC}") = "Domain", "Domain\Domain.csproj", "{A91C1689-B28C-4871-B4CC-7211FC3AE1FF}"
EndProject
Project("{FAE04EC0-301F-11D3-BF4B-00C04F79EFBC}") = "Persistence", "Persistence\Persistence.csproj", "{3914F80F-A398-4438-8CFF-D957F0927208}"
EndProject
Global
	GlobalSection(SolutionConfigurationPlatforms) = preSolution
		Debug|Any CPU = Debug|Any CPU
		Release|Any CPU = Release|Any CPU
	EndGlobalSection
	GlobalSection(SolutionProperties) = preSolution
		HideSolutionNode = FALSE
	EndGlobalSection
	GlobalSection(ProjectConfigurationPlatforms) = postSolution
		{3E966250-A8A1-4AC9-95DB-78CD2477C21B}.Debug|Any CPU.ActiveCfg = Debug|Any CPU
		{3E966250-A8A1-4AC9-95DB-78CD2477C21B}.Debug|Any CPU.Build.0 = Debug|Any CPU
		{3E966250-A8A1-4AC9-95DB-78CD2477C21B}.Release|Any CPU.ActiveCfg = Release|Any CPU
		{3E966250-A8A1-4AC9-95DB-78CD2477C21B}.Release|Any CPU.Build.0 = Release|Any CPU
		{A9EBE140-05F8-460D-909B-D970CD7906C4}.Debug|Any CPU.ActiveCfg = Debug|Any CPU
		{A9EBE140-05F8-460D-909B-D970CD7906C4}.Debug|Any CPU.Build.0 = Debug|Any CPU
		{A9EBE140-05F8-460D-909B-D970CD7906C4}.Release|Any CPU.ActiveCfg = Release|Any CPU
		{A9EBE140-05F8-460D-909B-D970CD7906C4}.Release|Any CPU.Build.0 = Release|Any CPU
		{A91C1689-B28C-4871-B4CC-7211FC3AE1FF}.Debug|Any CPU.ActiveCfg = Debug|Any CPU
		{A91C1689-B28C-4871-B4CC-7211FC3AE1FF}.Debug|Any CPU.Build.0 = Debug|Any CPU
		{A91C1689-B28C-4871-B4CC-7211FC3AE1FF}.Release|Any CPU.ActiveCfg = Release|Any CPU
		{A91C1689-B28C-4871-B4CC-7211FC3AE1FF}.Release|Any CPU.Build.0 = Release|Any CPU
		{3914F80F-A398-4438-8CFF-D957F0927208}.Debug|Any CPU.ActiveCfg = Debug|Any CPU
		{3914F80F-A398-4438-8CFF-D957F0927208}.Debug|Any CPU.Build.0 = Debug|Any CPU
		{3914F80F-A398-4438-8CFF-D957F0927208}.Release|Any CPU.ActiveCfg = Release|Any CPU
		{3914F80F-A398-4438-8CFF-D957F0927208}.Release|Any CPU.Build.0 = Release|Any CPU
	EndGlobalSection
EndGlobal
